
Microsoft Visual Studio Solution File, Format Version 12.00
# Visual Studio 2013
VisualStudioVersion = 12.0.31101.0
MinimumVisualStudioVersion = 10.0.40219.1
Project("{FAE04EC0-301F-11D3-BF4B-00C04F79EFBC}") = "BrowserExtract", "BrowserExtract\BrowserExtract.csproj", "{032C6C40-4B9D-4AE2-AA74-908259E0935C}"
EndProject
Project("{2150E333-8FDC-42A3-9474-1A3956D46DE8}") = "Solution Items", "Solution Items", "{6F285088-3976-4BA0-AED2-60E00383D9EF}"
	ProjectSection(SolutionItems) = preProject
		DPAPI.cs = DPAPI.cs
	EndProjectSection
EndProject
Global
	GlobalSection(SolutionConfigurationPlatforms) = preSolution
		Debug|Any CPU = Debug|Any CPU
		Release|Any CPU = Release|Any CPU
	EndGlobalSection
	GlobalSection(ProjectConfigurationPlatforms) = postSolution
		{032C6C40-4B9D-4AE2-AA74-908259E0935C}.Debug|Any CPU.ActiveCfg = Debug|Any CPU
		{032C6C40-4B9D-4AE2-AA74-908259E0935C}.Debug|Any CPU.Build.0 = Debug|Any CPU
		{032C6C40-4B9D-4AE2-AA74-908259E0935C}.Release|Any CPU.ActiveCfg = Release|Any CPU
		{032C6C40-4B9D-4AE2-AA74-908259E0935C}.Release|Any CPU.Build.0 = Release|Any CPU
	EndGlobalSection
	GlobalSection(SolutionProperties) = preSolution
		HideSolutionNode = FALSE
	EndGlobalSection
EndGlobal
